
Microsoft Visual Studio Solution File, Format Version 12.00
# Visual Studio Version 16
VisualStudioVersion = 16.0.33423.256
MinimumVisualStudioVersion = 10.0.40219.1
Project("{FAE04EC0-301F-11D3-BF4B-00C04F79EFBC}") = "QUANLISACH", "KETHUCHPHSK\QUANLISACH.csproj", "{D7AFEF87-3D8C-4EF0-8720-DA683DD85640}"
EndProject
Global
	GlobalSection(SolutionConfigurationPlatforms) = preSolution
		Debug|Any CPU = Debug|Any CPU
		Release|Any CPU = Release|Any CPU
	EndGlobalSection
	GlobalSection(ProjectConfigurationPlatforms) = postSolution
		{D7AFEF87-3D8C-4EF0-8720-DA683DD85640}.Debug|Any CPU.ActiveCfg = Debug|Any CPU
		{D7AFEF87-3D8C-4EF0-8720-DA683DD85640}.Debug|Any CPU.Build.0 = Debug|Any CPU
		{D7AFEF87-3D8C-4EF0-8720-DA683DD85640}.Release|Any CPU.ActiveCfg = Release|Any CPU
		{D7AFEF87-3D8C-4EF0-8720-DA683DD85640}.Release|Any CPU.Build.0 = Release|Any CPU
	EndGlobalSection
	GlobalSection(SolutionProperties) = preSolution
		HideSolutionNode = FALSE
	EndGlobalSection
	GlobalSection(ExtensibilityGlobals) = postSolution
		SolutionGuid = {C467A911-B80C-46E4-969F-E00E35F50AEA}
	EndGlobalSection
EndGlobal
